<?xml version="1.0" encoding="utf-8"?>
<Project ToolsVersion="4.0" xmlns="http://schemas.microsoft.com/developer/msbuild/2003">
  <ItemGroup>
    <Filter Include="Source Files">
      <UniqueIdentifier>{4FC737F1-C7A5-4376-A066-2A32D752A2FF}</UniqueIdentifier>
      <Extensions>cpp;c;cc;cxx;def;odl;idl;hpj;bat;asm;asmx</Extensions>
    </Filter>
    <Filter Include="Header Files">
      <UniqueIdentifier>{93995380-89BD-4b04-88EB-625FBE52EBFB}</UniqueIdentifier>
      <Extensions>h;hh;hpp;hxx;hm;inl;inc;ipp;xsd</Extensions>
    </Filter>
    <Filter Include="Resource Files">
      <UniqueIdentifier>{67DA6AB6-F800-4c08-8B7A-83BB121AAD01}</UniqueIdentifier>
      <Extensions>rc;ico;cur;bmp;dlg;rc2;rct;bin;rgs;gif;jpg;jpeg;jpe;resx;tiff;tif;png;wav;mfcribbon-ms</Extensions>
    </Filter>
    <Filter Include="Header Files\Game">
      <UniqueIdentifier>{79d0bbd1-dbf3-4c50-a090-55e4279f2bdb}</UniqueIdentifier>
    </Filter>
    <Filter Include="Header Files\Graphic">
      <UniqueIdentifier>{14b0350b-ab2b-4ec3-8eb7-8080b44e83ac}</UniqueIdentifier>
    </Filter>
    <Filter Include="Header Files\Game\Sims">
      <UniqueIdentifier>{6d12c186-84b2-463a-b138-2833b15b345e}</UniqueIdentifier>
    </Filter>
    <Filter Include="Header Files\Game\Sims\Needs">
      <UniqueIdentifier>{1083bd31-bfbb-400a-a11a-06ac0b966e9d}</UniqueIdentifier>
    </Filter>
    <Filter Include="Header Files\Game\Sims\Instructions">
      <UniqueIdentifier>{bf77910c-a36a-495c-8786-ab6177b361d0}</UniqueIdentifier>
    </Filter>
    <Filter Include="Source Files\Sims">
      <UniqueIdentifier>{4a6eac87-7278-4574-800c-124403d52d18}</UniqueIdentifier>
    </Filter>
  </ItemGroup>
  <ItemGroup>
    <ClInclude Include="stdafx.h">
      <Filter>Header Files</Filter>
    </ClInclude>
    <ClInclude Include="targetver.h">
      <Filter>Header Files</Filter>
    </ClInclude>
    <ClInclude Include="Game.h">
      <Filter>Header Files\Game</Filter>
    </ClInclude>
    <ClInclude Include="Sim.h">
      <Filter>Header Files\Game</Filter>
    </ClInclude>
    <ClInclude Include="World.h">
      <Filter>Header Files\Game</Filter>
    </ClInclude>
    <ClInclude Include="Clock.h">
      <Filter>Header Files</Filter>
    </ClInclude>
    <ClInclude Include="Tile.h">
      <Filter>Header Files\Game</Filter>
    </ClInclude>
    <ClInclude Include="GameEnums.h">
      <Filter>Header Files\Game</Filter>
    </ClInclude>
    <ClInclude Include="WorldPathFinding.h">
      <Filter>Header Files\Game</Filter>
    </ClInclude>
    <ClInclude Include="TileArray.h">
      <Filter>Header Files\Game</Filter>
    </ClInclude>
    <ClInclude Include="Need.h">
      <Filter>Header Files\Game\Sims\Needs</Filter>
    </ClInclude>
    <ClInclude Include="Hunger.h">
      <Filter>Header Files\Game\Sims\Needs</Filter>
    </ClInclude>
    <ClInclude Include="Instruction.h">
      <Filter>Header Files\Game\Sims\Instructions</Filter>
    </ClInclude>
    <ClInclude Include="MoveTo.h">
      <Filter>Header Files\Game\Sims\Instructions</Filter>
    </ClInclude>
    <ClInclude Include="Structs.h">
      <Filter>Header Files\Game</Filter>
    </ClInclude>
  </ItemGroup>
  <ItemGroup>
    <ClCompile Include="stdafx.cpp">
      <Filter>Source Files</Filter>
    </ClCompile>
    <ClCompile Include="Abyss-Mining-Corporation.cpp">
      <Filter>Source Files</Filter>
    </ClCompile>
    <ClCompile Include="Game.cpp">
      <Filter>Source Files</Filter>
    </ClCompile>
    <ClCompile Include="Clock.cpp">
      <Filter>Source Files</Filter>
    </ClCompile>
    <ClCompile Include="World.cpp">
      <Filter>Source Files</Filter>
    </ClCompile>
    <ClCompile Include="Sim.cpp">
      <Filter>Source Files</Filter>
    </ClCompile>
    <ClCompile Include="Instruction.cpp">
      <Filter>Source Files</Filter>
    </ClCompile>
    <ClCompile Include="TileArray.cpp">
      <Filter>Source Files</Filter>
    </ClCompile>
    <ClCompile Include="WorldPathFinding.cpp">
      <Filter>Source Files</Filter>
    </ClCompile>
    <ClCompile Include="MoveTo.cpp">
      <Filter>Source Files\Sims</Filter>
    </ClCompile>
  </ItemGroup>
</Project>